// !$*UTF8*$!
{
	archiveVersion = 1;
	classes = {
	};
	objectVersion = 50;
	objects = {

/* Begin PBXBuildFile section */
		7A44116625CCECBA00491365 /* SubViewMessage.swift in Sources */ = {isa = PBXBuildFile; fileRef = 7A44116525CCECBA00491365 /* SubViewMessage.swift */; };
		7A44116B25CCECC900491365 /* SubViewMatch.swift in Sources */ = {isa = PBXBuildFile; fileRef = 7A44116A25CCECC900491365 /* SubViewMatch.swift */; };
		7A44117425CD22D400491365 /* SubViewLike.swift in Sources */ = {isa = PBXBuildFile; fileRef = 7A44117325CD22D400491365 /* SubViewLike.swift */; };
		7A44117925CD22E300491365 /* SubViewPick.swift in Sources */ = {isa = PBXBuildFile; fileRef = 7A44117825CD22E300491365 /* SubViewPick.swift */; };
		7A5B313425CA84AA00671D9D /* ProfileView.swift in Sources */ = {isa = PBXBuildFile; fileRef = 7A5B313325CA84AA00671D9D /* ProfileView.swift */; };
		7A5B313C25CA84D000671D9D /* Match.swift in Sources */ = {isa = PBXBuildFile; fileRef = 7A5B313B25CA84D000671D9D /* Match.swift */; };
		7A5B314125CA84E100671D9D /* Likes.swift in Sources */ = {isa = PBXBuildFile; fileRef = 7A5B314025CA84E100671D9D /* Likes.swift */; };
		7A5B314625CA84F400671D9D /* Messages.swift in Sources */ = {isa = PBXBuildFile; fileRef = 7A5B314525CA84F400671D9D /* Messages.swift */; };
		7A5B314B25CA851A00671D9D /* TabView.swift in Sources */ = {isa = PBXBuildFile; fileRef = 7A5B314A25CA851A00671D9D /* TabView.swift */; };
		7A8E83AF25C953DA0056AA5C /* HelloCardApp.swift in Sources */ = {isa = PBXBuildFile; fileRef = 7A8E83AE25C953DA0056AA5C /* HelloCardApp.swift */; };
		7A8E83B125C953DA0056AA5C /* ContentView.swift in Sources */ = {isa = PBXBuildFile; fileRef = 7A8E83B025C953DA0056AA5C /* ContentView.swift */; };
		7A8E83B325C953DB0056AA5C /* Assets.xcassets in Resources */ = {isa = PBXBuildFile; fileRef = 7A8E83B225C953DB0056AA5C /* Assets.xcassets */; };
		7A8E83B625C953DB0056AA5C /* Preview Assets.xcassets in Resources */ = {isa = PBXBuildFile; fileRef = 7A8E83B525C953DB0056AA5C /* Preview Assets.xcassets */; };
		7A8E83C125C953DB0056AA5C /* HelloCardTests.swift in Sources */ = {isa = PBXBuildFile; fileRef = 7A8E83C025C953DB0056AA5C /* HelloCardTests.swift */; };
		7A8E83CC25C953DB0056AA5C /* HelloCardUITests.swift in Sources */ = {isa = PBXBuildFile; fileRef = 7A8E83CB25C953DB0056AA5C /* HelloCardUITests.swift */; };
		7A8E844A25C9661D0056AA5C /* CreateAccount.swift in Sources */ = {isa = PBXBuildFile; fileRef = 7A8E844925C9661D0056AA5C /* CreateAccount.swift */; };
		7A8E844B25C9661D0056AA5C /* CreateAccount.swift in Sources */ = {isa = PBXBuildFile; fileRef = 7A8E844925C9661D0056AA5C /* CreateAccount.swift */; };
		7A8E844C25C9661D0056AA5C /* CreateAccount.swift in Sources */ = {isa = PBXBuildFile; fileRef = 7A8E844925C9661D0056AA5C /* CreateAccount.swift */; };
		7A8E845425C96B980056AA5C /* SignInView.swift in Sources */ = {isa = PBXBuildFile; fileRef = 7A8E845325C96B980056AA5C /* SignInView.swift */; };
		7A8E845525C96B980056AA5C /* SignInView.swift in Sources */ = {isa = PBXBuildFile; fileRef = 7A8E845325C96B980056AA5C /* SignInView.swift */; };
		7A8E845625C96B980056AA5C /* SignInView.swift in Sources */ = {isa = PBXBuildFile; fileRef = 7A8E845325C96B980056AA5C /* SignInView.swift */; };
/* End PBXBuildFile section */

/* Begin PBXContainerItemProxy section */
		7A8E83BD25C953DB0056AA5C /* PBXContainerItemProxy */ = {
			isa = PBXContainerItemProxy;
			containerPortal = 7A8E83A325C953DA0056AA5C /* Project object */;
			proxyType = 1;
			remoteGlobalIDString = 7A8E83AA25C953DA0056AA5C;
			remoteInfo = HelloCard;
		};
		7A8E83C825C953DB0056AA5C /* PBXContainerItemProxy */ = {
			isa = PBXContainerItemProxy;
			containerPortal = 7A8E83A325C953DA0056AA5C /* Project object */;
			proxyType = 1;
			remoteGlobalIDString = 7A8E83AA25C953DA0056AA5C;
			remoteInfo = HelloCard;
		};
/* End PBXContainerItemProxy section */

/* Begin PBXFileReference section */
		7A44116525CCECBA00491365 /* SubViewMessage.swift */ = {isa = PBXFileReference; lastKnownFileType = sourcecode.swift; path = SubViewMessage.swift; sourceTree = "<group>"; };
		7A44116A25CCECC900491365 /* SubViewMatch.swift */ = {isa = PBXFileReference; lastKnownFileType = sourcecode.swift; path = SubViewMatch.swift; sourceTree = "<group>"; };
		7A44117325CD22D400491365 /* SubViewLike.swift */ = {isa = PBXFileReference; lastKnownFileType = sourcecode.swift; path = SubViewLike.swift; sourceTree = "<group>"; };
		7A44117825CD22E300491365 /* SubViewPick.swift */ = {isa = PBXFileReference; lastKnownFileType = sourcecode.swift; path = SubViewPick.swift; sourceTree = "<group>"; };
		7A5B313325CA84AA00671D9D /* ProfileView.swift */ = {isa = PBXFileReference; lastKnownFileType = sourcecode.swift; name = ProfileView.swift; path = HelloCard/ProfileView.swift; sourceTree = SOURCE_ROOT; };
		7A5B313B25CA84D000671D9D /* Match.swift */ = {isa = PBXFileReference; lastKnownFileType = sourcecode.swift; path = Match.swift; sourceTree = "<group>"; };
		7A5B314025CA84E100671D9D /* Likes.swift */ = {isa = PBXFileReference; lastKnownFileType = sourcecode.swift; path = Likes.swift; sourceTree = "<group>"; };
		7A5B314525CA84F400671D9D /* Messages.swift */ = {isa = PBXFileReference; lastKnownFileType = sourcecode.swift; path = Messages.swift; sourceTree = "<group>"; };
		7A5B314A25CA851A00671D9D /* TabView.swift */ = {isa = PBXFileReference; lastKnownFileType = sourcecode.swift; path = TabView.swift; sourceTree = "<group>"; };
		7A8E83AB25C953DA0056AA5C /* HelloCard.app */ = {isa = PBXFileReference; explicitFileType = wrapper.application; includeInIndex = 0; path = HelloCard.app; sourceTree = BUILT_PRODUCTS_DIR; };
		7A8E83AE25C953DA0056AA5C /* HelloCardApp.swift */ = {isa = PBXFileReference; lastKnownFileType = sourcecode.swift; path = HelloCardApp.swift; sourceTree = "<group>"; };
		7A8E83B025C953DA0056AA5C /* ContentView.swift */ = {isa = PBXFileReference; lastKnownFileType = sourcecode.swift; path = ContentView.swift; sourceTree = "<group>"; };
		7A8E83B225C953DB0056AA5C /* Assets.xcassets */ = {isa = PBXFileReference; lastKnownFileType = folder.assetcatalog; path = Assets.xcassets; sourceTree = "<group>"; };
		7A8E83B525C953DB0056AA5C /* Preview Assets.xcassets */ = {isa = PBXFileReference; lastKnownFileType = folder.assetcatalog; path = "Preview Assets.xcassets"; sourceTree = "<group>"; };
		7A8E83B725C953DB0056AA5C /* Info.plist */ = {isa = PBXFileReference; lastKnownFileType = text.plist.xml; path = Info.plist; sourceTree = "<group>"; };
		7A8E83BC25C953DB0056AA5C /* HelloCardTests.xctest */ = {isa = PBXFileReference; explicitFileType = wrapper.cfbundle; includeInIndex = 0; path = HelloCardTests.xctest; sourceTree = BUILT_PRODUCTS_DIR; };
		7A8E83C025C953DB0056AA5C /* HelloCardTests.swift */ = {isa = PBXFileReference; lastKnownFileType = sourcecode.swift; path = HelloCardTests.swift; sourceTree = "<group>"; };
		7A8E83C225C953DB0056AA5C /* Info.plist */ = {isa = PBXFileReference; lastKnownFileType = text.plist.xml; path = Info.plist; sourceTree = "<group>"; };
		7A8E83C725C953DB0056AA5C /* HelloCardUITests.xctest */ = {isa = PBXFileReference; explicitFileType = wrapper.cfbundle; includeInIndex = 0; path = HelloCardUITests.xctest; sourceTree = BUILT_PRODUCTS_DIR; };
		7A8E83CB25C953DB0056AA5C /* HelloCardUITests.swift */ = {isa = PBXFileReference; lastKnownFileType = sourcecode.swift; path = HelloCardUITests.swift; sourceTree = "<group>"; };
		7A8E83CD25C953DB0056AA5C /* Info.plist */ = {isa = PBXFileReference; lastKnownFileType = text.plist.xml; path = Info.plist; sourceTree = "<group>"; };
		7A8E844925C9661D0056AA5C /* CreateAccount.swift */ = {isa = PBXFileReference; lastKnownFileType = sourcecode.swift; path = CreateAccount.swift; sourceTree = "<group>"; };
		7A8E845325C96B980056AA5C /* SignInView.swift */ = {isa = PBXFileReference; lastKnownFileType = sourcecode.swift; path = SignInView.swift; sourceTree = "<group>"; };
/* End PBXFileReference section */

/* Begin PBXFrameworksBuildPhase section */
		7A8E83A825C953DA0056AA5C /* Frameworks */ = {
			isa = PBXFrameworksBuildPhase;
			buildActionMask = 2147483647;
			files = (
			);
			runOnlyForDeploymentPostprocessing = 0;
		};
		7A8E83B925C953DB0056AA5C /* Frameworks */ = {
			isa = PBXFrameworksBuildPhase;
			buildActionMask = 2147483647;
			files = (
			);
			runOnlyForDeploymentPostprocessing = 0;
		};
		7A8E83C425C953DB0056AA5C /* Frameworks */ = {
			isa = PBXFrameworksBuildPhase;
			buildActionMask = 2147483647;
			files = (
			);
			runOnlyForDeploymentPostprocessing = 0;
		};
/* End PBXFrameworksBuildPhase section */

/* Begin PBXGroup section */
		7A44116F25CCF63E00491365 /* Messages */ = {
			isa = PBXGroup;
			children = (
				7A5B314525CA84F400671D9D /* Messages.swift */,
				7A44116525CCECBA00491365 /* SubViewMessage.swift */,
				7A44116A25CCECC900491365 /* SubViewMatch.swift */,
			);
			path = Messages;
			sourceTree = "<group>";
		};
		7A44117D25CD289B00491365 /* Likes */ = {
			isa = PBXGroup;
			children = (
				7A5B314025CA84E100671D9D /* Likes.swift */,
				7A44117325CD22D400491365 /* SubViewLike.swift */,
				7A44117825CD22E300491365 /* SubViewPick.swift */,
			);
			path = Likes;
			sourceTree = "<group>";
		};
		7A8E83A225C953DA0056AA5C = {
			isa = PBXGroup;
			children = (
				7A8E83AD25C953DA0056AA5C /* HelloCard */,
				7A8E83BF25C953DB0056AA5C /* HelloCardTests */,
				7A8E83CA25C953DB0056AA5C /* HelloCardUITests */,
				7A8E83AC25C953DA0056AA5C /* Products */,
			);
			sourceTree = "<group>";
		};
		7A8E83AC25C953DA0056AA5C /* Products */ = {
			isa = PBXGroup;
			children = (
				7A8E83AB25C953DA0056AA5C /* HelloCard.app */,
				7A8E83BC25C953DB0056AA5C /* HelloCardTests.xctest */,
				7A8E83C725C953DB0056AA5C /* HelloCardUITests.xctest */,
			);
			name = Products;
			sourceTree = "<group>";
		};
		7A8E83AD25C953DA0056AA5C /* HelloCard */ = {
			isa = PBXGroup;
			children = (
				7A8E83AE25C953DA0056AA5C /* HelloCardApp.swift */,
				7A5B313325CA84AA00671D9D /* ProfileView.swift */,
				7A5B313B25CA84D000671D9D /* Match.swift */,
				7A44117D25CD289B00491365 /* Likes */,
				7A44116F25CCF63E00491365 /* Messages */,
				7A5B314A25CA851A00671D9D /* TabView.swift */,
				7A8E845A25C96F920056AA5C /* Parent Views */,
				7A8E83B225C953DB0056AA5C /* Assets.xcassets */,
				7A8E83B725C953DB0056AA5C /* Info.plist */,
				7A8E83B425C953DB0056AA5C /* Preview Content */,
			);
			path = HelloCard;
			sourceTree = "<group>";
		};
		7A8E83B425C953DB0056AA5C /* Preview Content */ = {
			isa = PBXGroup;
			children = (
				7A8E83B525C953DB0056AA5C /* Preview Assets.xcassets */,
			);
			path = "Preview Content";
			sourceTree = "<group>";
		};
		7A8E83BF25C953DB0056AA5C /* HelloCardTests */ = {
			isa = PBXGroup;
			children = (
				7A8E83C025C953DB0056AA5C /* HelloCardTests.swift */,
				7A8E83C225C953DB0056AA5C /* Info.plist */,
			);
			path = HelloCardTests;
			sourceTree = "<group>";
		};
		7A8E83CA25C953DB0056AA5C /* HelloCardUITests */ = {
			isa = PBXGroup;
			children = (
				7A8E83CB25C953DB0056AA5C /* HelloCardUITests.swift */,
				7A8E83CD25C953DB0056AA5C /* Info.plist */,
			);
			path = HelloCardUITests;
			sourceTree = "<group>";
		};
		7A8E845A25C96F920056AA5C /* Parent Views */ = {
			isa = PBXGroup;
			children = (
				7A8E83B025C953DA0056AA5C /* ContentView.swift */,
				7A8E844925C9661D0056AA5C /* CreateAccount.swift */,
				7A8E845325C96B980056AA5C /* SignInView.swift */,
			);
			path = "Parent Views";
			sourceTree = "<group>";
		};
/* End PBXGroup section */

/* Begin PBXNativeTarget section */
		7A8E83AA25C953DA0056AA5C /* HelloCard */ = {
			isa = PBXNativeTarget;
			buildConfigurationList = 7A8E83D025C953DB0056AA5C /* Build configuration list for PBXNativeTarget "HelloCard" */;
			buildPhases = (
				7A8E83A725C953DA0056AA5C /* Sources */,
				7A8E83A825C953DA0056AA5C /* Frameworks */,
				7A8E83A925C953DA0056AA5C /* Resources */,
			);
			buildRules = (
			);
			dependencies = (
			);
			name = HelloCard;
			productName = HelloCard;
			productReference = 7A8E83AB25C953DA0056AA5C /* HelloCard.app */;
			productType = "com.apple.product-type.application";
		};
		7A8E83BB25C953DB0056AA5C /* HelloCardTests */ = {
			isa = PBXNativeTarget;
			buildConfigurationList = 7A8E83D325C953DB0056AA5C /* Build configuration list for PBXNativeTarget "HelloCardTests" */;
			buildPhases = (
				7A8E83B825C953DB0056AA5C /* Sources */,
				7A8E83B925C953DB0056AA5C /* Frameworks */,
				7A8E83BA25C953DB0056AA5C /* Resources */,
			);
			buildRules = (
			);
			dependencies = (
				7A8E83BE25C953DB0056AA5C /* PBXTargetDependency */,
			);
			name = HelloCardTests;
			productName = HelloCardTests;
			productReference = 7A8E83BC25C953DB0056AA5C /* HelloCardTests.xctest */;
			productType = "com.apple.product-type.bundle.unit-test";
		};
		7A8E83C625C953DB0056AA5C /* HelloCardUITests */ = {
			isa = PBXNativeTarget;
			buildConfigurationList = 7A8E83D625C953DB0056AA5C /* Build configuration list for PBXNativeTarget "HelloCardUITests" */;
			buildPhases = (
				7A8E83C325C953DB0056AA5C /* Sources */,
				7A8E83C425C953DB0056AA5C /* Frameworks */,
				7A8E83C525C953DB0056AA5C /* Resources */,
			);
			buildRules = (
			);
			dependencies = (
				7A8E83C925C953DB0056AA5C /* PBXTargetDependency */,
			);
			name = HelloCardUITests;
			productName = HelloCardUITests;
			productReference = 7A8E83C725C953DB0056AA5C /* HelloCardUITests.xctest */;
			productType = "com.apple.product-type.bundle.ui-testing";
		};
/* End PBXNativeTarget section */

/* Begin PBXProject section */
		7A8E83A325C953DA0056AA5C /* Project object */ = {
			isa = PBXProject;
			attributes = {
				LastSwiftUpdateCheck = 1230;
				LastUpgradeCheck = 1230;
				TargetAttributes = {
					7A8E83AA25C953DA0056AA5C = {
						CreatedOnToolsVersion = 12.3;
					};
					7A8E83BB25C953DB0056AA5C = {
						CreatedOnToolsVersion = 12.3;
						TestTargetID = 7A8E83AA25C953DA0056AA5C;
					};
					7A8E83C625C953DB0056AA5C = {
						CreatedOnToolsVersion = 12.3;
						TestTargetID = 7A8E83AA25C953DA0056AA5C;
					};
				};
			};
			buildConfigurationList = 7A8E83A625C953DA0056AA5C /* Build configuration list for PBXProject "HelloCard" */;
			compatibilityVersion = "Xcode 9.3";
			developmentRegion = en;
			hasScannedForEncodings = 0;
			knownRegions = (
				en,
				Base,
			);
			mainGroup = 7A8E83A225C953DA0056AA5C;
			productRefGroup = 7A8E83AC25C953DA0056AA5C /* Products */;
			projectDirPath = "";
			projectRoot = "";
			targets = (
				7A8E83AA25C953DA0056AA5C /* HelloCard */,
				7A8E83BB25C953DB0056AA5C /* HelloCardTests */,
				7A8E83C625C953DB0056AA5C /* HelloCardUITests */,
			);
		};
/* End PBXProject section */

/* Begin PBXResourcesBuildPhase section */
		7A8E83A925C953DA0056AA5C /* Resources */ = {
			isa = PBXResourcesBuildPhase;
			buildActionMask = 2147483647;
			files = (
				7A8E83B625C953DB0056AA5C /* Preview Assets.xcassets in Resources */,
				7A8E83B325C953DB0056AA5C /* Assets.xcassets in Resources */,
			);
			runOnlyForDeploymentPostprocessing = 0;
		};
		7A8E83BA25C953DB0056AA5C /* Resources */ = {
			isa = PBXResourcesBuildPhase;
			buildActionMask = 2147483647;
			files = (
			);
			runOnlyForDeploymentPostprocessing = 0;
		};
		7A8E83C525C953DB0056AA5C /* Resources */ = {
			isa = PBXResourcesBuildPhase;
			buildActionMask = 2147483647;
			files = (
			);
			runOnlyForDeploymentPostprocessing = 0;
		};
/* End PBXResourcesBuildPhase section */

/* Begin PBXSourcesBuildPhase section */
		7A8E83A725C953DA0056AA5C /* Sources */ = {
			isa = PBXSourcesBuildPhase;
			buildActionMask = 2147483647;
			files = (
				7A44116B25CCECC900491365 /* SubViewMatch.swift in Sources */,
				7A8E83B125C953DA0056AA5C /* ContentView.swift in Sources */,
				7A5B314625CA84F400671D9D /* Messages.swift in Sources */,
				7A8E83AF25C953DA0056AA5C /* HelloCardApp.swift in Sources */,
				7A5B313425CA84AA00671D9D /* ProfileView.swift in Sources */,
				7A8E845425C96B980056AA5C /* SignInView.swift in Sources */,
				7A8E844A25C9661D0056AA5C /* CreateAccount.swift in Sources */,
				7A44117925CD22E300491365 /* SubViewPick.swift in Sources */,
				7A5B313C25CA84D000671D9D /* Match.swift in Sources */,
				7A5B314B25CA851A00671D9D /* TabView.swift in Sources */,
				7A5B314125CA84E100671D9D /* Likes.swift in Sources */,
				7A44117425CD22D400491365 /* SubViewLike.swift in Sources */,
				7A44116625CCECBA00491365 /* SubViewMessage.swift in Sources */,
			);
			runOnlyForDeploymentPostprocessing = 0;
		};
		7A8E83B825C953DB0056AA5C /* Sources */ = {
			isa = PBXSourcesBuildPhase;
			buildActionMask = 2147483647;
			files = (
				7A8E845525C96B980056AA5C /* SignInView.swift in Sources */,
				7A8E83C125C953DB0056AA5C /* HelloCardTests.swift in Sources */,
				7A8E844B25C9661D0056AA5C /* CreateAccount.swift in Sources */,
			);
			runOnlyForDeploymentPostprocessing = 0;
		};
		7A8E83C325C953DB0056AA5C /* Sources */ = {
			isa = PBXSourcesBuildPhase;
			buildActionMask = 2147483647;
			files = (
				7A8E845625C96B980056AA5C /* SignInView.swift in Sources */,
				7A8E83CC25C953DB0056AA5C /* HelloCardUITests.swift in Sources */,
				7A8E844C25C9661D0056AA5C /* CreateAccount.swift in Sources */,
			);
			runOnlyForDeploymentPostprocessing = 0;
		};
/* End PBXSourcesBuildPhase section */

/* Begin PBXTargetDependency section */
		7A8E83BE25C953DB0056AA5C /* PBXTargetDependency */ = {
			isa = PBXTargetDependency;
			target = 7A8E83AA25C953DA0056AA5C /* HelloCard */;
			targetProxy = 7A8E83BD25C953DB0056AA5C /* PBXContainerItemProxy */;
		};
		7A8E83C925C953DB0056AA5C /* PBXTargetDependency */ = {
			isa = PBXTargetDependency;
			target = 7A8E83AA25C953DA0056AA5C /* HelloCard */;
			targetProxy = 7A8E83C825C953DB0056AA5C /* PBXContainerItemProxy */;
		};
/* End PBXTargetDependency section */

/* Begin XCBuildConfiguration section */
		7A8E83CE25C953DB0056AA5C /* Debug */ = {
			isa = XCBuildConfiguration;
			buildSettings = {
				ALWAYS_SEARCH_USER_PATHS = NO;
				CLANG_ANALYZER_NONNULL = YES;
				CLANG_ANALYZER_NUMBER_OBJECT_CONVERSION = YES_AGGRESSIVE;
				CLANG_CXX_LANGUAGE_STANDARD = "gnu++14";
				CLANG_CXX_LIBRARY = "libc++";
				CLANG_ENABLE_MODULES = YES;
				CLANG_ENABLE_OBJC_ARC = YES;
				CLANG_ENABLE_OBJC_WEAK = YES;
				CLANG_WARN_BLOCK_CAPTURE_AUTORELEASING = YES;
				CLANG_WARN_BOOL_CONVERSION = YES;
				CLANG_WARN_COMMA = YES;
				CLANG_WARN_CONSTANT_CONVERSION = YES;
				CLANG_WARN_DEPRECATED_OBJC_IMPLEMENTATIONS = YES;
				CLANG_WARN_DIRECT_OBJC_ISA_USAGE = YES_ERROR;
				CLANG_WARN_DOCUMENTATION_COMMENTS = YES;
				CLANG_WARN_EMPTY_BODY = YES;
				CLANG_WARN_ENUM_CONVERSION = YES;
				CLANG_WARN_INFINITE_RECURSION = YES;
				CLANG_WARN_INT_CONVERSION = YES;
				CLANG_WARN_NON_LITERAL_NULL_CONVERSION = YES;
				CLANG_WARN_OBJC_IMPLICIT_RETAIN_SELF = YES;
				CLANG_WARN_OBJC_LITERAL_CONVERSION = YES;
				CLANG_WARN_OBJC_ROOT_CLASS = YES_ERROR;
				CLANG_WARN_QUOTED_INCLUDE_IN_FRAMEWORK_HEADER = YES;
				CLANG_WARN_RANGE_LOOP_ANALYSIS = YES;
				CLANG_WARN_STRICT_PROTOTYPES = YES;
				CLANG_WARN_SUSPICIOUS_MOVE = YES;
				CLANG_WARN_UNGUARDED_AVAILABILITY = YES_AGGRESSIVE;
				CLANG_WARN_UNREACHABLE_CODE = YES;
				CLANG_WARN__DUPLICATE_METHOD_MATCH = YES;
				COPY_PHASE_STRIP = NO;
				DEBUG_INFORMATION_FORMAT = dwarf;
				ENABLE_STRICT_OBJC_MSGSEND = YES;
				ENABLE_TESTABILITY = YES;
				GCC_C_LANGUAGE_STANDARD = gnu11;
				GCC_DYNAMIC_NO_PIC = NO;
				GCC_NO_COMMON_BLOCKS = YES;
				GCC_OPTIMIZATION_LEVEL = 0;
				GCC_PREPROCESSOR_DEFINITIONS = (
					"DEBUG=1",
					"$(inherited)",
				);
				GCC_WARN_64_TO_32_BIT_CONVERSION = YES;
				GCC_WARN_ABOUT_RETURN_TYPE = YES_ERROR;
				GCC_WARN_UNDECLARED_SELECTOR = YES;
				GCC_WARN_UNINITIALIZED_AUTOS = YES_AGGRESSIVE;
				GCC_WARN_UNUSED_FUNCTION = YES;
				GCC_WARN_UNUSED_VARIABLE = YES;
				IPHONEOS_DEPLOYMENT_TARGET = 14.3;
				MTL_ENABLE_DEBUG_INFO = INCLUDE_SOURCE;
				MTL_FAST_MATH = YES;
				ONLY_ACTIVE_ARCH = YES;
				SDKROOT = iphoneos;
				SWIFT_ACTIVE_COMPILATION_CONDITIONS = DEBUG;
				SWIFT_OPTIMIZATION_LEVEL = "-Onone";
			};
			name = Debug;
		};
		7A8E83CF25C953DB0056AA5C /* Release */ = {
			isa = XCBuildConfiguration;
			buildSettings = {
				ALWAYS_SEARCH_USER_PATHS = NO;
				CLANG_ANALYZER_NONNULL = YES;
				CLANG_ANALYZER_NUMBER_OBJECT_CONVERSION = YES_AGGRESSIVE;
				CLANG_CXX_LANGUAGE_STANDARD = "gnu++14";
				CLANG_CXX_LIBRARY = "libc++";
				CLANG_ENABLE_MODULES = YES;
				CLANG_ENABLE_OBJC_ARC = YES;
				CLANG_ENABLE_OBJC_WEAK = YES;
				CLANG_WARN_BLOCK_CAPTURE_AUTORELEASING = YES;
				CLANG_WARN_BOOL_CONVERSION = YES;
				CLANG_WARN_COMMA = YES;
				CLANG_WARN_CONSTANT_CONVERSION = YES;
				CLANG_WARN_DEPRECATED_OBJC_IMPLEMENTATIONS = YES;
				CLANG_WARN_DIRECT_OBJC_ISA_USAGE = YES_ERROR;
				CLANG_WARN_DOCUMENTATION_COMMENTS = YES;
				CLANG_WARN_EMPTY_BODY = YES;
				CLANG_WARN_ENUM_CONVERSION = YES;
				CLANG_WARN_INFINITE_RECURSION = YES;
				CLANG_WARN_INT_CONVERSION = YES;
				CLANG_WARN_NON_LITERAL_NULL_CONVERSION = YES;
				CLANG_WARN_OBJC_IMPLICIT_RETAIN_SELF = YES;
				CLANG_WARN_OBJC_LITERAL_CONVERSION = YES;
				CLANG_WARN_OBJC_ROOT_CLASS = YES_ERROR;
				CLANG_WARN_QUOTED_INCLUDE_IN_FRAMEWORK_HEADER = YES;
				CLANG_WARN_RANGE_LOOP_ANALYSIS = YES;
				CLANG_WARN_STRICT_PROTOTYPES = YES;
				CLANG_WARN_SUSPICIOUS_MOVE = YES;
				CLANG_WARN_UNGUARDED_AVAILABILITY = YES_AGGRESSIVE;
				CLANG_WARN_UNREACHABLE_CODE = YES;
				CLANG_WARN__DUPLICATE_METHOD_MATCH = YES;
				COPY_PHASE_STRIP = NO;
				DEBUG_INFORMATION_FORMAT = "dwarf-with-dsym";
				ENABLE_NS_ASSERTIONS = NO;
				ENABLE_STRICT_OBJC_MSGSEND = YES;
				GCC_C_LANGUAGE_STANDARD = gnu11;
				GCC_NO_COMMON_BLOCKS = YES;
				GCC_WARN_64_TO_32_BIT_CONVERSION = YES;
				GCC_WARN_ABOUT_RETURN_TYPE = YES_ERROR;
				GCC_WARN_UNDECLARED_SELECTOR = YES;
				GCC_WARN_UNINITIALIZED_AUTOS = YES_AGGRESSIVE;
				GCC_WARN_UNUSED_FUNCTION = YES;
				GCC_WARN_UNUSED_VARIABLE = YES;
				IPHONEOS_DEPLOYMENT_TARGET = 14.3;
				MTL_ENABLE_DEBUG_INFO = NO;
				MTL_FAST_MATH = YES;
				SDKROOT = iphoneos;
				SWIFT_COMPILATION_MODE = wholemodule;
				SWIFT_OPTIMIZATION_LEVEL = "-O";
				VALIDATE_PRODUCT = YES;
			};
			name = Release;
		};
		7A8E83D125C953DB0056AA5C /* Debug */ = {
			isa = XCBuildConfiguration;
			buildSettings = {
				ASSETCATALOG_COMPILER_APPICON_NAME = AppIcon;
				ASSETCATALOG_COMPILER_GLOBAL_ACCENT_COLOR_NAME = AccentColor;
				CODE_SIGN_STYLE = Automatic;
				DEVELOPMENT_ASSET_PATHS = "\"HelloCard/Preview Content\"";
				ENABLE_PREVIEWS = YES;
				INFOPLIST_FILE = HelloCard/Info.plist;
				IPHONEOS_DEPLOYMENT_TARGET = 14.0;
				LD_RUNPATH_SEARCH_PATHS = (
					"$(inherited)",
					"@executable_path/Frameworks",
				);
				PRODUCT_BUNDLE_IDENTIFIER = com.test.HelloCard;
				PRODUCT_NAME = "$(TARGET_NAME)";
				SWIFT_VERSION = 5.0;
				TARGETED_DEVICE_FAMILY = "1,2";
			};
			name = Debug;
		};
		7A8E83D225C953DB0056AA5C /* Release */ = {
			isa = XCBuildConfiguration;
			buildSettings = {
				ASSETCATALOG_COMPILER_APPICON_NAME = AppIcon;
				ASSETCATALOG_COMPILER_GLOBAL_ACCENT_COLOR_NAME = AccentColor;
				CODE_SIGN_STYLE = Automatic;
				DEVELOPMENT_ASSET_PATHS = "\"HelloCard/Preview Content\"";
				ENABLE_PREVIEWS = YES;
				INFOPLIST_FILE = HelloCard/Info.plist;
				IPHONEOS_DEPLOYMENT_TARGET = 14.0;
				LD_RUNPATH_SEARCH_PATHS = (
					"$(inherited)",
					"@executable_path/Frameworks",
				);
				PRODUCT_BUNDLE_IDENTIFIER = com.test.HelloCard;
				PRODUCT_NAME = "$(TARGET_NAME)";
				SWIFT_VERSION = 5.0;
				TARGETED_DEVICE_FAMILY = "1,2";
			};
			name = Release;
		};
		7A8E83D425C953DB0056AA5C /* Debug */ = {
			isa = XCBuildConfiguration;
			buildSettings = {
				ALWAYS_EMBED_SWIFT_STANDARD_LIBRARIES = YES;
				BUNDLE_LOADER = "$(TEST_HOST)";
				CODE_SIGN_STYLE = Automatic;
				INFOPLIST_FILE = HelloCardTests/Info.plist;
				IPHONEOS_DEPLOYMENT_TARGET = 14.0;
				LD_RUNPATH_SEARCH_PATHS = (
					"$(inherited)",
					"@executable_path/Frameworks",
					"@loader_path/Frameworks",
				);
				PRODUCT_BUNDLE_IDENTIFIER = com.test.HelloCardTests;
				PRODUCT_NAME = "$(TARGET_NAME)";
				SWIFT_VERSION = 5.0;
				TARGETED_DEVICE_FAMILY = "1,2";
				TEST_HOST = "$(BUILT_PRODUCTS_DIR)/HelloCard.app/HelloCard";
			};
			name = Debug;
		};
		7A8E83D525C953DB0056AA5C /* Release */ = {
			isa = XCBuildConfiguration;
			buildSettings = {
				ALWAYS_EMBED_SWIFT_STANDARD_LIBRARIES = YES;
				BUNDLE_LOADER = "$(TEST_HOST)";
				CODE_SIGN_STYLE = Automatic;
				INFOPLIST_FILE = HelloCardTests/Info.plist;
				IPHONEOS_DEPLOYMENT_TARGET = 14.0;
				LD_RUNPATH_SEARCH_PATHS = (
					"$(inherited)",
					"@executable_path/Frameworks",
					"@loader_path/Frameworks",
				);
				PRODUCT_BUNDLE_IDENTIFIER = com.test.HelloCardTests;
				PRODUCT_NAME = "$(TARGET_NAME)";
				SWIFT_VERSION = 5.0;
				TARGETED_DEVICE_FAMILY = "1,2";
				TEST_HOST = "$(BUILT_PRODUCTS_DIR)/HelloCard.app/HelloCard";
			};
			name = Release;
		};
		7A8E83D725C953DB0056AA5C /* Debug */ = {
			isa = XCBuildConfiguration;
			buildSettings = {
				ALWAYS_EMBED_SWIFT_STANDARD_LIBRARIES = YES;
				CODE_SIGN_STYLE = Automatic;
				INFOPLIST_FILE = HelloCardUITests/Info.plist;
				LD_RUNPATH_SEARCH_PATHS = (
					"$(inherited)",
					"@executable_path/Frameworks",
					"@loader_path/Frameworks",
				);
				PRODUCT_BUNDLE_IDENTIFIER = com.test.HelloCardUITests;
				PRODUCT_NAME = "$(TARGET_NAME)";
				SWIFT_VERSION = 5.0;
				TARGETED_DEVICE_FAMILY = "1,2";
				TEST_TARGET_NAME = HelloCard;
			};
			name = Debug;
		};
		7A8E83D825C953DB0056AA5C /* Release */ = {
			isa = XCBuildConfiguration;
			buildSettings = {
				ALWAYS_EMBED_SWIFT_STANDARD_LIBRARIES = YES;
				CODE_SIGN_STYLE = Automatic;
				INFOPLIST_FILE = HelloCardUITests/Info.plist;
				LD_RUNPATH_SEARCH_PATHS = (
					"$(inherited)",
					"@executable_path/Frameworks",
					"@loader_path/Frameworks",
				);
				PRODUCT_BUNDLE_IDENTIFIER = com.test.HelloCardUITests;
				PRODUCT_NAME = "$(TARGET_NAME)";
				SWIFT_VERSION = 5.0;
				TARGETED_DEVICE_FAMILY = "1,2";
				TEST_TARGET_NAME = HelloCard;
			};
			name = Release;
		};
/* End XCBuildConfiguration section */

/* Begin XCConfigurationList section */
		7A8E83A625C953DA0056AA5C /* Build configuration list for PBXProject "HelloCard" */ = {
			isa = XCConfigurationList;
			buildConfigurations = (
				7A8E83CE25C953DB0056AA5C /* Debug */,
				7A8E83CF25C953DB0056AA5C /* Release */,
			);
			defaultConfigurationIsVisible = 0;
			defaultConfigurationName = Release;
		};
		7A8E83D025C953DB0056AA5C /* Build configuration list for PBXNativeTarget "HelloCard" */ = {
			isa = XCConfigurationList;
			buildConfigurations = (
				7A8E83D125C953DB0056AA5C /* Debug */,
				7A8E83D225C953DB0056AA5C /* Release */,
			);
			defaultConfigurationIsVisible = 0;
			defaultConfigurationName = Release;
		};
		7A8E83D325C953DB0056AA5C /* Build configuration list for PBXNativeTarget "HelloCardTests" */ = {
			isa = XCConfigurationList;
			buildConfigurations = (
				7A8E83D425C953DB0056AA5C /* Debug */,
				7A8E83D525C953DB0056AA5C /* Release */,
			);
			defaultConfigurationIsVisible = 0;
			defaultConfigurationName = Release;
		};
		7A8E83D625C953DB0056AA5C /* Build configuration list for PBXNativeTarget "HelloCardUITests" */ = {
			isa = XCConfigurationList;
			buildConfigurations = (
				7A8E83D725C953DB0056AA5C /* Debug */,
				7A8E83D825C953DB0056AA5C /* Release */,
			);
			defaultConfigurationIsVisible = 0;
			defaultConfigurationName = Release;
		};
/* End XCConfigurationList section */
	};
	rootObject = 7A8E83A325C953DA0056AA5C /* Project object */;
}
